
Microsoft Visual Studio Solution File, Format Version 12.00
# Visual Studio Version 16
VisualStudioVersion = 16.0.31105.61
MinimumVisualStudioVersion = 10.0.40219.1
Project("{FAE04EC0-301F-11D3-BF4B-00C04F79EFBC}") = "rabota2", "rabota2\rabota2.csproj", "{D63EB2E9-3DCF-4C18-B2FD-8B1455C1BAE7}"
EndProject
Global
	GlobalSection(SolutionConfigurationPlatforms) = preSolution
		Debug|Any CPU = Debug|Any CPU
		Release|Any CPU = Release|Any CPU
	EndGlobalSection
	GlobalSection(ProjectConfigurationPlatforms) = postSolution
		{D63EB2E9-3DCF-4C18-B2FD-8B1455C1BAE7}.Debug|Any CPU.ActiveCfg = Debug|Any CPU
		{D63EB2E9-3DCF-4C18-B2FD-8B1455C1BAE7}.Debug|Any CPU.Build.0 = Debug|Any CPU
		{D63EB2E9-3DCF-4C18-B2FD-8B1455C1BAE7}.Release|Any CPU.ActiveCfg = Release|Any CPU
		{D63EB2E9-3DCF-4C18-B2FD-8B1455C1BAE7}.Release|Any CPU.Build.0 = Release|Any CPU
	EndGlobalSection
	GlobalSection(SolutionProperties) = preSolution
		HideSolutionNode = FALSE
	EndGlobalSection
	GlobalSection(ExtensibilityGlobals) = postSolution
		SolutionGuid = {BC9CFC57-31FE-4AE3-9D2C-9AC365D996F8}
	EndGlobalSection
EndGlobal
